
Microsoft Visual Studio Solution File, Format Version 12.00
# Visual Studio Version 16
VisualStudioVersion = 16.0.30907.101
MinimumVisualStudioVersion = 10.0.40219.1
Project("{9A19103F-16F7-4668-BE54-9A1E7A4F7556}") = "OOP2DAY2", "day5\OOP2DAY2.csproj", "{91D56F82-91AC-4871-8991-E6524CAEB3FB}"
EndProject
Project("{FAE04EC0-301F-11D3-BF4B-00C04F79EFBC}") = "OOP3DAy5", "OOP3DAy5\OOP3DAy5.csproj", "{925DE352-829E-4223-B473-7AC027601A33}"
EndProject
Global
	GlobalSection(SolutionConfigurationPlatforms) = preSolution
		Debug|Any CPU = Debug|Any CPU
		Release|Any CPU = Release|Any CPU
	EndGlobalSection
	GlobalSection(ProjectConfigurationPlatforms) = postSolution
		{91D56F82-91AC-4871-8991-E6524CAEB3FB}.Debug|Any CPU.ActiveCfg = Debug|Any CPU
		{91D56F82-91AC-4871-8991-E6524CAEB3FB}.Debug|Any CPU.Build.0 = Debug|Any CPU
		{91D56F82-91AC-4871-8991-E6524CAEB3FB}.Release|Any CPU.ActiveCfg = Release|Any CPU
		{91D56F82-91AC-4871-8991-E6524CAEB3FB}.Release|Any CPU.Build.0 = Release|Any CPU
		{925DE352-829E-4223-B473-7AC027601A33}.Debug|Any CPU.ActiveCfg = Debug|Any CPU
		{925DE352-829E-4223-B473-7AC027601A33}.Debug|Any CPU.Build.0 = Debug|Any CPU
		{925DE352-829E-4223-B473-7AC027601A33}.Release|Any CPU.ActiveCfg = Release|Any CPU
		{925DE352-829E-4223-B473-7AC027601A33}.Release|Any CPU.Build.0 = Release|Any CPU
	EndGlobalSection
	GlobalSection(SolutionProperties) = preSolution
		HideSolutionNode = FALSE
	EndGlobalSection
	GlobalSection(ExtensibilityGlobals) = postSolution
		SolutionGuid = {C784C04C-A992-490C-9434-BC65A624335D}
	EndGlobalSection
EndGlobal
